
Microsoft Visual Studio Solution File, Format Version 12.00
# Visual Studio Version 17
VisualStudioVersion = 17.7.34003.232
MinimumVisualStudioVersion = 10.0.40219.1
Project("{FAE04EC0-301F-11D3-BF4B-00C04F79EFBC}") = "MinimalNet6", "MinimalNet6\MinimalNet6.csproj", "{169D0C50-310A-448A-B869-34CB106C6554}"
EndProject
Global
	GlobalSection(SolutionConfigurationPlatforms) = preSolution
		Debug|Any CPU = Debug|Any CPU
		Release|Any CPU = Release|Any CPU
	EndGlobalSection
	GlobalSection(ProjectConfigurationPlatforms) = postSolution
		{169D0C50-310A-448A-B869-34CB106C6554}.Debug|Any CPU.ActiveCfg = Debug|Any CPU
		{169D0C50-310A-448A-B869-34CB106C6554}.Debug|Any CPU.Build.0 = Debug|Any CPU
		{169D0C50-310A-448A-B869-34CB106C6554}.Release|Any CPU.ActiveCfg = Release|Any CPU
		{169D0C50-310A-448A-B869-34CB106C6554}.Release|Any CPU.Build.0 = Release|Any CPU
	EndGlobalSection
	GlobalSection(SolutionProperties) = preSolution
		HideSolutionNode = FALSE
	EndGlobalSection
	GlobalSection(ExtensibilityGlobals) = postSolution
		SolutionGuid = {138B8E51-FA49-422C-AA52-09EC2F214512}
	EndGlobalSection
EndGlobal
